
Microsoft Visual Studio Solution File, Format Version 12.00
# Visual Studio Version 17
VisualStudioVersion = 17.6.33815.320
MinimumVisualStudioVersion = 10.0.40219.1
Project("{FAE04EC0-301F-11D3-BF4B-00C04F79EFBC}") = "dzien 5", "dzien 5\dzien 5.csproj", "{70DCD24D-DF67-40AF-AC6F-276C8A6770BA}"
EndProject
Global
	GlobalSection(SolutionConfigurationPlatforms) = preSolution
		Debug|Any CPU = Debug|Any CPU
		Release|Any CPU = Release|Any CPU
	EndGlobalSection
	GlobalSection(ProjectConfigurationPlatforms) = postSolution
		{70DCD24D-DF67-40AF-AC6F-276C8A6770BA}.Debug|Any CPU.ActiveCfg = Debug|Any CPU
		{70DCD24D-DF67-40AF-AC6F-276C8A6770BA}.Debug|Any CPU.Build.0 = Debug|Any CPU
		{70DCD24D-DF67-40AF-AC6F-276C8A6770BA}.Release|Any CPU.ActiveCfg = Release|Any CPU
		{70DCD24D-DF67-40AF-AC6F-276C8A6770BA}.Release|Any CPU.Build.0 = Release|Any CPU
	EndGlobalSection
	GlobalSection(SolutionProperties) = preSolution
		HideSolutionNode = FALSE
	EndGlobalSection
	GlobalSection(ExtensibilityGlobals) = postSolution
		SolutionGuid = {E4D73A42-58AC-4A16-99FE-50965320B801}
	EndGlobalSection
EndGlobal
