
Microsoft Visual Studio Solution File, Format Version 12.00
# Visual Studio Version 17
VisualStudioVersion = 17.6.33815.320
MinimumVisualStudioVersion = 10.0.40219.1
Project("{FAE04EC0-301F-11D3-BF4B-00C04F79EFBC}") = "dzien 6", "dzien 6\dzien 6.csproj", "{4E68D651-7D21-462A-89DE-AA314F2D476F}"
EndProject
Global
	GlobalSection(SolutionConfigurationPlatforms) = preSolution
		Debug|Any CPU = Debug|Any CPU
		Release|Any CPU = Release|Any CPU
	EndGlobalSection
	GlobalSection(ProjectConfigurationPlatforms) = postSolution
		{4E68D651-7D21-462A-89DE-AA314F2D476F}.Debug|Any CPU.ActiveCfg = Debug|Any CPU
		{4E68D651-7D21-462A-89DE-AA314F2D476F}.Debug|Any CPU.Build.0 = Debug|Any CPU
		{4E68D651-7D21-462A-89DE-AA314F2D476F}.Release|Any CPU.ActiveCfg = Release|Any CPU
		{4E68D651-7D21-462A-89DE-AA314F2D476F}.Release|Any CPU.Build.0 = Release|Any CPU
	EndGlobalSection
	GlobalSection(SolutionProperties) = preSolution
		HideSolutionNode = FALSE
	EndGlobalSection
	GlobalSection(ExtensibilityGlobals) = postSolution
		SolutionGuid = {B2CF55B5-0040-481F-87BE-33E5CD981B9E}
	EndGlobalSection
EndGlobal
